
Microsoft Visual Studio Solution File, Format Version 11.00
# Visual C++ Express 2010
Project("{911E67C6-3D85-4FCE-B560-20A9C3E3FF48}") = "out", "out.exe", "{07C72BA4-E7F1-4DCA-AF9C-D8621F982667}"
	ProjectSection(DebuggerProjectSystem) = preProject
		PortSupplier = 00000000-0000-0000-0000-000000000000
		Executable = C:\Users\Tazz\Desktop\FinalProject\Release\out.exe
		RemoteMachine = TORIGIN
		StartingDirectory = C:\Users\Tazz\Desktop\FinalProject\Release
		Arguments = RandomController AcyclicMinimax
		Environment = Default
		LaunchingEngine = 00000000-0000-0000-0000-000000000000
		LaunchSQLEngine = No
		AttachLaunchAction = No
	EndProjectSection
EndProject
Global
	GlobalSection(SolutionConfigurationPlatforms) = preSolution
		Debug|x86 = Debug|x86
	EndGlobalSection
	GlobalSection(ProjectConfigurationPlatforms) = postSolution
		{07C72BA4-E7F1-4DCA-AF9C-D8621F982667}.Debug|x86.ActiveCfg = Debug|x86
	EndGlobalSection
	GlobalSection(SolutionProperties) = preSolution
		HideSolutionNode = FALSE
	EndGlobalSection
EndGlobal
